
Microsoft Visual Studio Solution File, Format Version 12.00
# Visual Studio Version 16
VisualStudioVersion = 16.0.808.9
MinimumVisualStudioVersion = 10.0.40219.1
Project("{FAE04EC0-301F-11D3-BF4B-00C04F79EFBC}") = "CS133_Projects", "CS133_Projects\CS133_Projects.csproj", "{143DCB68-280C-4D80-9FE6-5762ACC7F501}"
EndProject
Global
	GlobalSection(SolutionConfigurationPlatforms) = preSolution
		Debug|Any CPU = Debug|Any CPU
		Release|Any CPU = Release|Any CPU
	EndGlobalSection
	GlobalSection(ProjectConfigurationPlatforms) = postSolution
		{143DCB68-280C-4D80-9FE6-5762ACC7F501}.Debug|Any CPU.ActiveCfg = Debug|Any CPU
		{143DCB68-280C-4D80-9FE6-5762ACC7F501}.Debug|Any CPU.Build.0 = Debug|Any CPU
		{143DCB68-280C-4D80-9FE6-5762ACC7F501}.Release|Any CPU.ActiveCfg = Release|Any CPU
		{143DCB68-280C-4D80-9FE6-5762ACC7F501}.Release|Any CPU.Build.0 = Release|Any CPU
	EndGlobalSection
	GlobalSection(SolutionProperties) = preSolution
		HideSolutionNode = FALSE
	EndGlobalSection
	GlobalSection(ExtensibilityGlobals) = postSolution
		SolutionGuid = {6F226E18-F797-49BE-B713-0231C4426F62}
	EndGlobalSection
EndGlobal
